
Microsoft Visual Studio Solution File, Format Version 12.00
# Visual Studio Version 17
VisualStudioVersion = 17.8.34322.80
MinimumVisualStudioVersion = 10.0.40219.1
Project("{2150E333-8FDC-42A3-9474-1A3956D46DE8}") = "Services", "Services", "{3441688F-00E7-4731-A0AC-9F9EDF2766B7}"
EndProject
Project("{FAE04EC0-301F-11D3-BF4B-00C04F79EFBC}") = "Catalog.API", "Services\Catalog\Catalog.API\Catalog.API.csproj", "{745EB988-11B1-4E8F-BB69-79D8F8881B43}"
EndProject
Project("{FAE04EC0-301F-11D3-BF4B-00C04F79EFBC}") = "Catalog.Application", "Services\Catalog\Catalog.Application\Catalog.Application.csproj", "{B015273A-75D1-437E-8924-EDAB584864C8}"
EndProject
Project("{FAE04EC0-301F-11D3-BF4B-00C04F79EFBC}") = "Catalog.Core", "Services\Catalog\Catalog.Core\Catalog.Core.csproj", "{D021D488-EDF9-4536-AD15-D4061DE59C86}"
EndProject
Project("{FAE04EC0-301F-11D3-BF4B-00C04F79EFBC}") = "Catalog.Infrastructure", "Services\Catalog\Catalog.Infrastructure\Catalog.Infrastructure.csproj", "{B312F574-56B8-405F-9AA7-D56524BDF183}"
EndProject
Project("{E53339B2-1760-4266-BCC7-CA923CBCF16C}") = "docker-compose", "docker-compose.dcproj", "{A92412CF-0A07-452C-9DCF-EF3F436F8FA8}"
EndProject
Project("{2150E333-8FDC-42A3-9474-1A3956D46DE8}") = "Catalog", "Catalog", "{952C88B0-4AB1-4035-ABE9-35216E406CE4}"
EndProject
Project("{2150E333-8FDC-42A3-9474-1A3956D46DE8}") = "Basket", "Basket", "{D75747A2-C589-412F-8988-CF1A8641689D}"
EndProject
Project("{FAE04EC0-301F-11D3-BF4B-00C04F79EFBC}") = "Basket.Application", "Services\Basket\Basket.Application\Basket.Application.csproj", "{47739E1B-A80E-4F5C-96FA-A885EA1DD6FC}"
EndProject
Project("{FAE04EC0-301F-11D3-BF4B-00C04F79EFBC}") = "Basket.Core", "Services\Basket\Basket.Core\Basket.Core.csproj", "{16E9214D-4D63-4BA3-B8E5-E9CD944031E7}"
EndProject
Project("{FAE04EC0-301F-11D3-BF4B-00C04F79EFBC}") = "Basket.Infraestructure", "Services\Basket\Basket.Infraestructure\Basket.Infraestructure.csproj", "{B5588880-8F60-44F8-B94C-EBBD73C06FB7}"
EndProject
Project("{FAE04EC0-301F-11D3-BF4B-00C04F79EFBC}") = "Basket.API", "Services\Basket\Basket.API\Basket.API.csproj", "{569689E6-837B-484B-81B4-40702A7AFFBD}"
EndProject
Global
	GlobalSection(SolutionConfigurationPlatforms) = preSolution
		Debug|Any CPU = Debug|Any CPU
		Release|Any CPU = Release|Any CPU
	EndGlobalSection
	GlobalSection(ProjectConfigurationPlatforms) = postSolution
		{745EB988-11B1-4E8F-BB69-79D8F8881B43}.Debug|Any CPU.ActiveCfg = Debug|Any CPU
		{745EB988-11B1-4E8F-BB69-79D8F8881B43}.Debug|Any CPU.Build.0 = Debug|Any CPU
		{745EB988-11B1-4E8F-BB69-79D8F8881B43}.Release|Any CPU.ActiveCfg = Release|Any CPU
		{745EB988-11B1-4E8F-BB69-79D8F8881B43}.Release|Any CPU.Build.0 = Release|Any CPU
		{B015273A-75D1-437E-8924-EDAB584864C8}.Debug|Any CPU.ActiveCfg = Debug|Any CPU
		{B015273A-75D1-437E-8924-EDAB584864C8}.Debug|Any CPU.Build.0 = Debug|Any CPU
		{B015273A-75D1-437E-8924-EDAB584864C8}.Release|Any CPU.ActiveCfg = Release|Any CPU
		{B015273A-75D1-437E-8924-EDAB584864C8}.Release|Any CPU.Build.0 = Release|Any CPU
		{D021D488-EDF9-4536-AD15-D4061DE59C86}.Debug|Any CPU.ActiveCfg = Debug|Any CPU
		{D021D488-EDF9-4536-AD15-D4061DE59C86}.Debug|Any CPU.Build.0 = Debug|Any CPU
		{D021D488-EDF9-4536-AD15-D4061DE59C86}.Release|Any CPU.ActiveCfg = Release|Any CPU
		{D021D488-EDF9-4536-AD15-D4061DE59C86}.Release|Any CPU.Build.0 = Release|Any CPU
		{B312F574-56B8-405F-9AA7-D56524BDF183}.Debug|Any CPU.ActiveCfg = Debug|Any CPU
		{B312F574-56B8-405F-9AA7-D56524BDF183}.Debug|Any CPU.Build.0 = Debug|Any CPU
		{B312F574-56B8-405F-9AA7-D56524BDF183}.Release|Any CPU.ActiveCfg = Release|Any CPU
		{B312F574-56B8-405F-9AA7-D56524BDF183}.Release|Any CPU.Build.0 = Release|Any CPU
		{47739E1B-A80E-4F5C-96FA-A885EA1DD6FC}.Debug|Any CPU.ActiveCfg = Debug|Any CPU
		{47739E1B-A80E-4F5C-96FA-A885EA1DD6FC}.Debug|Any CPU.Build.0 = Debug|Any CPU
		{47739E1B-A80E-4F5C-96FA-A885EA1DD6FC}.Release|Any CPU.ActiveCfg = Release|Any CPU
		{47739E1B-A80E-4F5C-96FA-A885EA1DD6FC}.Release|Any CPU.Build.0 = Release|Any CPU
		{16E9214D-4D63-4BA3-B8E5-E9CD944031E7}.Debug|Any CPU.ActiveCfg = Debug|Any CPU
		{16E9214D-4D63-4BA3-B8E5-E9CD944031E7}.Debug|Any CPU.Build.0 = Debug|Any CPU
		{16E9214D-4D63-4BA3-B8E5-E9CD944031E7}.Release|Any CPU.ActiveCfg = Release|Any CPU
		{16E9214D-4D63-4BA3-B8E5-E9CD944031E7}.Release|Any CPU.Build.0 = Release|Any CPU
		{B5588880-8F60-44F8-B94C-EBBD73C06FB7}.Debug|Any CPU.ActiveCfg = Debug|Any CPU
		{B5588880-8F60-44F8-B94C-EBBD73C06FB7}.Debug|Any CPU.Build.0 = Debug|Any CPU
		{B5588880-8F60-44F8-B94C-EBBD73C06FB7}.Release|Any CPU.ActiveCfg = Release|Any CPU
		{B5588880-8F60-44F8-B94C-EBBD73C06FB7}.Release|Any CPU.Build.0 = Release|Any CPU
		{569689E6-837B-484B-81B4-40702A7AFFBD}.Debug|Any CPU.ActiveCfg = Debug|Any CPU
		{569689E6-837B-484B-81B4-40702A7AFFBD}.Debug|Any CPU.Build.0 = Debug|Any CPU
		{569689E6-837B-484B-81B4-40702A7AFFBD}.Release|Any CPU.ActiveCfg = Release|Any CPU
		{569689E6-837B-484B-81B4-40702A7AFFBD}.Release|Any CPU.Build.0 = Release|Any CPU
	EndGlobalSection
	GlobalSection(SolutionProperties) = preSolution
		HideSolutionNode = FALSE
	EndGlobalSection
	GlobalSection(NestedProjects) = preSolution
		{952C88B0-4AB1-4035-ABE9-35216E406CE4} = {3441688F-00E7-4731-A0AC-9F9EDF2766B7}
		{745EB988-11B1-4E8F-BB69-79D8F8881B43} = {952C88B0-4AB1-4035-ABE9-35216E406CE4}
		{B015273A-75D1-437E-8924-EDAB584864C8} = {952C88B0-4AB1-4035-ABE9-35216E406CE4}
		{D021D488-EDF9-4536-AD15-D4061DE59C86} = {952C88B0-4AB1-4035-ABE9-35216E406CE4}
		{B312F574-56B8-405F-9AA7-D56524BDF183} = {952C88B0-4AB1-4035-ABE9-35216E406CE4}
		{D75747A2-C589-412F-8988-CF1A8641689D} = {3441688F-00E7-4731-A0AC-9F9EDF2766B7}
		{47739E1B-A80E-4F5C-96FA-A885EA1DD6FC} = {D75747A2-C589-412F-8988-CF1A8641689D}
		{16E9214D-4D63-4BA3-B8E5-E9CD944031E7} = {D75747A2-C589-412F-8988-CF1A8641689D}
		{B5588880-8F60-44F8-B94C-EBBD73C06FB7} = {D75747A2-C589-412F-8988-CF1A8641689D}
		{569689E6-837B-484B-81B4-40702A7AFFBD} = {D75747A2-C589-412F-8988-CF1A8641689D}
	EndGlobalSection
	GlobalSection(ExtensibilityGlobals) = postSolution
		SolutionGuid = {59781F59-2148-4A2E-8EBB-AFE40A5E01B6}
	EndGlobalSection
EndGlobal
